
Microsoft Visual Studio Solution File, Format Version 12.00
# Visual Studio Version 17
VisualStudioVersion = 17.2.32602.215
MinimumVisualStudioVersion = 10.0.40219.1
Project("{FAE04EC0-301F-11D3-BF4B-00C04F79EFBC}") = "Database", "Database\Database.csproj", "{45286BC4-2658-4C18-99D1-631C6E152D15}"
EndProject
Project("{FAE04EC0-301F-11D3-BF4B-00C04F79EFBC}") = "Business", "Business\Business.csproj", "{340EDD4A-045C-4594-9988-D1C737A597C8}"
EndProject
Project("{FAE04EC0-301F-11D3-BF4B-00C04F79EFBC}") = "UI", "UI\UI.csproj", "{A0CDAB39-98EE-480D-A5C1-A40B31E445E2}"
EndProject
Global
	GlobalSection(SolutionConfigurationPlatforms) = preSolution
		Debug|Any CPU = Debug|Any CPU
		Debug|x64 = Debug|x64
		OficinaVM|Any CPU = OficinaVM|Any CPU
		OficinaVM|x64 = OficinaVM|x64
		Release|Any CPU = Release|Any CPU
		Release|x64 = Release|x64
	EndGlobalSection
	GlobalSection(ProjectConfigurationPlatforms) = postSolution
		{45286BC4-2658-4C18-99D1-631C6E152D15}.Debug|Any CPU.ActiveCfg = Debug|Any CPU
		{45286BC4-2658-4C18-99D1-631C6E152D15}.Debug|Any CPU.Build.0 = Debug|Any CPU
		{45286BC4-2658-4C18-99D1-631C6E152D15}.Debug|x64.ActiveCfg = Debug|x64
		{45286BC4-2658-4C18-99D1-631C6E152D15}.Debug|x64.Build.0 = Debug|x64
		{45286BC4-2658-4C18-99D1-631C6E152D15}.OficinaVM|Any CPU.ActiveCfg = OficinaVM|Any CPU
		{45286BC4-2658-4C18-99D1-631C6E152D15}.OficinaVM|Any CPU.Build.0 = OficinaVM|Any CPU
		{45286BC4-2658-4C18-99D1-631C6E152D15}.OficinaVM|x64.ActiveCfg = OficinaVM|x64
		{45286BC4-2658-4C18-99D1-631C6E152D15}.OficinaVM|x64.Build.0 = OficinaVM|x64
		{45286BC4-2658-4C18-99D1-631C6E152D15}.Release|Any CPU.ActiveCfg = Release|Any CPU
		{45286BC4-2658-4C18-99D1-631C6E152D15}.Release|Any CPU.Build.0 = Release|Any CPU
		{45286BC4-2658-4C18-99D1-631C6E152D15}.Release|x64.ActiveCfg = Release|x64
		{45286BC4-2658-4C18-99D1-631C6E152D15}.Release|x64.Build.0 = Release|x64
		{340EDD4A-045C-4594-9988-D1C737A597C8}.Debug|Any CPU.ActiveCfg = Debug|Any CPU
		{340EDD4A-045C-4594-9988-D1C737A597C8}.Debug|Any CPU.Build.0 = Debug|Any CPU
		{340EDD4A-045C-4594-9988-D1C737A597C8}.Debug|x64.ActiveCfg = Debug|x64
		{340EDD4A-045C-4594-9988-D1C737A597C8}.Debug|x64.Build.0 = Debug|x64
		{340EDD4A-045C-4594-9988-D1C737A597C8}.OficinaVM|Any CPU.ActiveCfg = OficinaVM|Any CPU
		{340EDD4A-045C-4594-9988-D1C737A597C8}.OficinaVM|Any CPU.Build.0 = OficinaVM|Any CPU
		{340EDD4A-045C-4594-9988-D1C737A597C8}.OficinaVM|x64.ActiveCfg = OficinaVM|x64
		{340EDD4A-045C-4594-9988-D1C737A597C8}.OficinaVM|x64.Build.0 = OficinaVM|x64
		{340EDD4A-045C-4594-9988-D1C737A597C8}.Release|Any CPU.ActiveCfg = Release|Any CPU
		{340EDD4A-045C-4594-9988-D1C737A597C8}.Release|Any CPU.Build.0 = Release|Any CPU
		{340EDD4A-045C-4594-9988-D1C737A597C8}.Release|x64.ActiveCfg = Release|x64
		{340EDD4A-045C-4594-9988-D1C737A597C8}.Release|x64.Build.0 = Release|x64
		{A0CDAB39-98EE-480D-A5C1-A40B31E445E2}.Debug|Any CPU.ActiveCfg = Debug|Any CPU
		{A0CDAB39-98EE-480D-A5C1-A40B31E445E2}.Debug|Any CPU.Build.0 = Debug|Any CPU
		{A0CDAB39-98EE-480D-A5C1-A40B31E445E2}.Debug|x64.ActiveCfg = Debug|x64
		{A0CDAB39-98EE-480D-A5C1-A40B31E445E2}.Debug|x64.Build.0 = Debug|x64
		{A0CDAB39-98EE-480D-A5C1-A40B31E445E2}.OficinaVM|Any CPU.ActiveCfg = OficinaVM|Any CPU
		{A0CDAB39-98EE-480D-A5C1-A40B31E445E2}.OficinaVM|Any CPU.Build.0 = OficinaVM|Any CPU
		{A0CDAB39-98EE-480D-A5C1-A40B31E445E2}.OficinaVM|x64.ActiveCfg = OficinaVM|x64
		{A0CDAB39-98EE-480D-A5C1-A40B31E445E2}.OficinaVM|x64.Build.0 = OficinaVM|x64
		{A0CDAB39-98EE-480D-A5C1-A40B31E445E2}.Release|Any CPU.ActiveCfg = Release|Any CPU
		{A0CDAB39-98EE-480D-A5C1-A40B31E445E2}.Release|Any CPU.Build.0 = Release|Any CPU
		{A0CDAB39-98EE-480D-A5C1-A40B31E445E2}.Release|x64.ActiveCfg = Release|x64
		{A0CDAB39-98EE-480D-A5C1-A40B31E445E2}.Release|x64.Build.0 = Release|x64
	EndGlobalSection
	GlobalSection(SolutionProperties) = preSolution
		HideSolutionNode = FALSE
	EndGlobalSection
	GlobalSection(ExtensibilityGlobals) = postSolution
		SolutionGuid = {749F5FF5-F6F2-49F3-BE3C-B0AAD047840D}
	EndGlobalSection
EndGlobal
